
Microsoft Visual Studio Solution File, Format Version 12.00
# Visual Studio Version 17
VisualStudioVersion = 17.10.35013.160
MinimumVisualStudioVersion = 10.0.40219.1
Project("{FAE04EC0-301F-11D3-BF4B-00C04F79EFBC}") = "Proje_Hastane", "Proje_Hastane\Proje_Hastane.csproj", "{DE9EE0F7-8A5C-46BB-87EA-923D4B2F6326}"
EndProject
Global
	GlobalSection(SolutionConfigurationPlatforms) = preSolution
		Debug|Any CPU = Debug|Any CPU
		Release|Any CPU = Release|Any CPU
	EndGlobalSection
	GlobalSection(ProjectConfigurationPlatforms) = postSolution
		{DE9EE0F7-8A5C-46BB-87EA-923D4B2F6326}.Debug|Any CPU.ActiveCfg = Debug|Any CPU
		{DE9EE0F7-8A5C-46BB-87EA-923D4B2F6326}.Debug|Any CPU.Build.0 = Debug|Any CPU
		{DE9EE0F7-8A5C-46BB-87EA-923D4B2F6326}.Release|Any CPU.ActiveCfg = Release|Any CPU
		{DE9EE0F7-8A5C-46BB-87EA-923D4B2F6326}.Release|Any CPU.Build.0 = Release|Any CPU
	EndGlobalSection
	GlobalSection(SolutionProperties) = preSolution
		HideSolutionNode = FALSE
	EndGlobalSection
	GlobalSection(ExtensibilityGlobals) = postSolution
		SolutionGuid = {AD373380-1FB9-47CF-BD01-55A633BD0C8E}
	EndGlobalSection
EndGlobal
